
Microsoft Visual Studio Solution File, Format Version 12.00
Project("{FAE04EC0-301F-11D3-BF4B-00C04F79EFBC}") = "Stushbr.PaymentsGatewayWeb", "Stushbr.PaymentsGatewayWeb\Stushbr.PaymentsGatewayWeb.csproj", "{461247E0-9141-4B04-BF73-87C283BBF5DB}"
EndProject
Project("{FAE04EC0-301F-11D3-BF4B-00C04F79EFBC}") = "Stushbr.Shared", "Stushbr.Shared\Stushbr.Shared.csproj", "{E7F6FA5F-A41E-4631-B365-9AE569CDEED8}"
EndProject
Project("{FAE04EC0-301F-11D3-BF4B-00C04F79EFBC}") = "Stushbr.EntitiesProcessor", "Stushbr.EntitiesProcessor\Stushbr.EntitiesProcessor.csproj", "{5561E1F8-42B5-48D3-B09C-CAADE7EA5375}"
EndProject
Project("{2150E333-8FDC-42A3-9474-1A3956D46DE8}") = "Solution files", "Solution files", "{6A80C692-6192-4B9C-98B4-3F81DD143901}"
	ProjectSection(SolutionItems) = preProject
		.gitignore = .gitignore
	EndProjectSection
EndProject
Project("{FAE04EC0-301F-11D3-BF4B-00C04F79EFBC}") = "Stxima.SendPulseClient", "..\..\my\Stxima.SendPulseClient\Stxima.SendPulseClient.csproj", "{10B32617-68D7-4780-A7CC-B80E6E7A5DB6}"
EndProject
Global
	GlobalSection(SolutionConfigurationPlatforms) = preSolution
		Debug|Any CPU = Debug|Any CPU
		Release|Any CPU = Release|Any CPU
	EndGlobalSection
	GlobalSection(ProjectConfigurationPlatforms) = postSolution
		{461247E0-9141-4B04-BF73-87C283BBF5DB}.Debug|Any CPU.ActiveCfg = Debug|Any CPU
		{461247E0-9141-4B04-BF73-87C283BBF5DB}.Debug|Any CPU.Build.0 = Debug|Any CPU
		{461247E0-9141-4B04-BF73-87C283BBF5DB}.Release|Any CPU.ActiveCfg = Release|Any CPU
		{461247E0-9141-4B04-BF73-87C283BBF5DB}.Release|Any CPU.Build.0 = Release|Any CPU
		{E7F6FA5F-A41E-4631-B365-9AE569CDEED8}.Debug|Any CPU.ActiveCfg = Debug|Any CPU
		{E7F6FA5F-A41E-4631-B365-9AE569CDEED8}.Debug|Any CPU.Build.0 = Debug|Any CPU
		{E7F6FA5F-A41E-4631-B365-9AE569CDEED8}.Release|Any CPU.ActiveCfg = Release|Any CPU
		{E7F6FA5F-A41E-4631-B365-9AE569CDEED8}.Release|Any CPU.Build.0 = Release|Any CPU
		{5561E1F8-42B5-48D3-B09C-CAADE7EA5375}.Debug|Any CPU.ActiveCfg = Debug|Any CPU
		{5561E1F8-42B5-48D3-B09C-CAADE7EA5375}.Debug|Any CPU.Build.0 = Debug|Any CPU
		{5561E1F8-42B5-48D3-B09C-CAADE7EA5375}.Release|Any CPU.ActiveCfg = Release|Any CPU
		{5561E1F8-42B5-48D3-B09C-CAADE7EA5375}.Release|Any CPU.Build.0 = Release|Any CPU
		{10B32617-68D7-4780-A7CC-B80E6E7A5DB6}.Debug|Any CPU.ActiveCfg = Debug|Any CPU
		{10B32617-68D7-4780-A7CC-B80E6E7A5DB6}.Debug|Any CPU.Build.0 = Debug|Any CPU
		{10B32617-68D7-4780-A7CC-B80E6E7A5DB6}.Release|Any CPU.ActiveCfg = Release|Any CPU
		{10B32617-68D7-4780-A7CC-B80E6E7A5DB6}.Release|Any CPU.Build.0 = Release|Any CPU
	EndGlobalSection
EndGlobal
