
Microsoft Visual Studio Solution File, Format Version 12.00
Project("{2150E333-8FDC-42A3-9474-1A3956D46DE8}") = "Solution files", "Solution files", "{6A80C692-6192-4B9C-98B4-3F81DD143901}"
	ProjectSection(SolutionItems) = preProject
		.gitignore = .gitignore
	EndProjectSection
EndProject
Project("{2150E333-8FDC-42A3-9474-1A3956D46DE8}") = "Functions", "Functions", "{261D93C2-BBF5-4A9F-8B4F-0C5F395ED254}"
EndProject
Project("{2150E333-8FDC-42A3-9474-1A3956D46DE8}") = "Shared", "Shared", "{89625213-243E-44EC-905A-16718D56C16A}"
EndProject
Project("{2150E333-8FDC-42A3-9474-1A3956D46DE8}") = "Processors", "Processors", "{8C927937-D4A9-44A9-A5BF-AF44C19F26BD}"
EndProject
Project("{FAE04EC0-301F-11D3-BF4B-00C04F79EFBC}") = "Stushbr.Function.Payment", "src\Stushbr.Function.Payment\Stushbr.Function.Payment.csproj", "{4CF63BF8-4B0F-484B-82E4-B5E5AF075522}"
EndProject
Project("{2150E333-8FDC-42A3-9474-1A3956D46DE8}") = "Web", "Web", "{64FBB12B-35E3-4350-BF12-9F25BDBE7906}"
EndProject
Project("{FAE04EC0-301F-11D3-BF4B-00C04F79EFBC}") = "Stushbr.EntityProcessor", "src\Stushbr.EntityProcessor\Stushbr.EntityProcessor.csproj", "{5FE30A30-ADDD-4C37-9B95-54C3200C894A}"
EndProject
Project("{FAE04EC0-301F-11D3-BF4B-00C04F79EFBC}") = "Stushbr.Core", "src\shared\Stushbr.Core\Stushbr.Core.csproj", "{7333507E-3B4D-4346-8783-1A70ED20C849}"
EndProject
Project("{FAE04EC0-301F-11D3-BF4B-00C04F79EFBC}") = "Stushbr.Application", "src\shared\Stushbr.Application\Stushbr.Application.csproj", "{20D72E39-07B3-40FE-9D94-3C15B7E394E7}"
EndProject
Project("{FAE04EC0-301F-11D3-BF4B-00C04F79EFBC}") = "Stushbr.Data", "src\shared\Stushbr.Data\Stushbr.Data.csproj", "{2356763C-672E-4B6B-86E6-1BCE67605CB3}"
EndProject
Project("{FAE04EC0-301F-11D3-BF4B-00C04F79EFBC}") = "Stushbr.Domain", "src\shared\Stushbr.Domain\Stushbr.Domain.csproj", "{0758F900-3A22-49DD-B1DB-950030DD7227}"
EndProject
Project("{FAE04EC0-301F-11D3-BF4B-00C04F79EFBC}") = "Stushbr.Api", "src\shared\Stushbr.Api\Stushbr.Api.csproj", "{759C107E-EF54-4EAE-AA2A-5831BDD1074F}"
EndProject
Project("{FAE04EC0-301F-11D3-BF4B-00C04F79EFBC}") = "Stushbr.PaymentsGatewayWeb.Application", "src\payments-gateway\Stushbr.PaymentsGatewayWeb.Application\Stushbr.PaymentsGatewayWeb.Application.csproj", "{927D4636-5F5C-4D15-AFB4-BF6588238D57}"
EndProject
Project("{FAE04EC0-301F-11D3-BF4B-00C04F79EFBC}") = "Stushbr.PaymentsGatewayWeb", "src\payments-gateway\Stushbr.PaymentsGatewayWeb\Stushbr.PaymentsGatewayWeb.csproj", "{C42D7B15-ACF8-4B55-821B-C1C5AF07AEC6}"
EndProject
Project("{2150E333-8FDC-42A3-9474-1A3956D46DE8}") = "AdminUtils", "AdminUtils", "{9CDDE688-36FE-4E26-AC79-8E69144BD615}"
EndProject
Project("{FAE04EC0-301F-11D3-BF4B-00C04F79EFBC}") = "Stushbr.AdminUtilsWeb", "src\admin-util\Stushbr.AdminUtilsWeb\Stushbr.AdminUtilsWeb.csproj", "{0D9F633B-A007-4E28-B359-46DF44C98662}"
EndProject
Global
	GlobalSection(SolutionConfigurationPlatforms) = preSolution
		Debug|Any CPU = Debug|Any CPU
		Release|Any CPU = Release|Any CPU
	EndGlobalSection
	GlobalSection(ProjectConfigurationPlatforms) = postSolution
		{4CF63BF8-4B0F-484B-82E4-B5E5AF075522}.Debug|Any CPU.ActiveCfg = Debug|Any CPU
		{4CF63BF8-4B0F-484B-82E4-B5E5AF075522}.Debug|Any CPU.Build.0 = Debug|Any CPU
		{4CF63BF8-4B0F-484B-82E4-B5E5AF075522}.Release|Any CPU.ActiveCfg = Release|Any CPU
		{4CF63BF8-4B0F-484B-82E4-B5E5AF075522}.Release|Any CPU.Build.0 = Release|Any CPU
		{5FE30A30-ADDD-4C37-9B95-54C3200C894A}.Debug|Any CPU.ActiveCfg = Debug|Any CPU
		{5FE30A30-ADDD-4C37-9B95-54C3200C894A}.Debug|Any CPU.Build.0 = Debug|Any CPU
		{5FE30A30-ADDD-4C37-9B95-54C3200C894A}.Release|Any CPU.ActiveCfg = Release|Any CPU
		{5FE30A30-ADDD-4C37-9B95-54C3200C894A}.Release|Any CPU.Build.0 = Release|Any CPU
		{7333507E-3B4D-4346-8783-1A70ED20C849}.Debug|Any CPU.ActiveCfg = Debug|Any CPU
		{7333507E-3B4D-4346-8783-1A70ED20C849}.Debug|Any CPU.Build.0 = Debug|Any CPU
		{7333507E-3B4D-4346-8783-1A70ED20C849}.Release|Any CPU.ActiveCfg = Release|Any CPU
		{7333507E-3B4D-4346-8783-1A70ED20C849}.Release|Any CPU.Build.0 = Release|Any CPU
		{20D72E39-07B3-40FE-9D94-3C15B7E394E7}.Debug|Any CPU.ActiveCfg = Debug|Any CPU
		{20D72E39-07B3-40FE-9D94-3C15B7E394E7}.Debug|Any CPU.Build.0 = Debug|Any CPU
		{20D72E39-07B3-40FE-9D94-3C15B7E394E7}.Release|Any CPU.ActiveCfg = Release|Any CPU
		{20D72E39-07B3-40FE-9D94-3C15B7E394E7}.Release|Any CPU.Build.0 = Release|Any CPU
		{2356763C-672E-4B6B-86E6-1BCE67605CB3}.Debug|Any CPU.ActiveCfg = Debug|Any CPU
		{2356763C-672E-4B6B-86E6-1BCE67605CB3}.Debug|Any CPU.Build.0 = Debug|Any CPU
		{2356763C-672E-4B6B-86E6-1BCE67605CB3}.Release|Any CPU.ActiveCfg = Release|Any CPU
		{2356763C-672E-4B6B-86E6-1BCE67605CB3}.Release|Any CPU.Build.0 = Release|Any CPU
		{0758F900-3A22-49DD-B1DB-950030DD7227}.Debug|Any CPU.ActiveCfg = Debug|Any CPU
		{0758F900-3A22-49DD-B1DB-950030DD7227}.Debug|Any CPU.Build.0 = Debug|Any CPU
		{0758F900-3A22-49DD-B1DB-950030DD7227}.Release|Any CPU.ActiveCfg = Release|Any CPU
		{0758F900-3A22-49DD-B1DB-950030DD7227}.Release|Any CPU.Build.0 = Release|Any CPU
		{759C107E-EF54-4EAE-AA2A-5831BDD1074F}.Debug|Any CPU.ActiveCfg = Debug|Any CPU
		{759C107E-EF54-4EAE-AA2A-5831BDD1074F}.Debug|Any CPU.Build.0 = Debug|Any CPU
		{759C107E-EF54-4EAE-AA2A-5831BDD1074F}.Release|Any CPU.ActiveCfg = Release|Any CPU
		{759C107E-EF54-4EAE-AA2A-5831BDD1074F}.Release|Any CPU.Build.0 = Release|Any CPU
		{927D4636-5F5C-4D15-AFB4-BF6588238D57}.Debug|Any CPU.ActiveCfg = Debug|Any CPU
		{927D4636-5F5C-4D15-AFB4-BF6588238D57}.Debug|Any CPU.Build.0 = Debug|Any CPU
		{927D4636-5F5C-4D15-AFB4-BF6588238D57}.Release|Any CPU.ActiveCfg = Release|Any CPU
		{927D4636-5F5C-4D15-AFB4-BF6588238D57}.Release|Any CPU.Build.0 = Release|Any CPU
		{C42D7B15-ACF8-4B55-821B-C1C5AF07AEC6}.Debug|Any CPU.ActiveCfg = Debug|Any CPU
		{C42D7B15-ACF8-4B55-821B-C1C5AF07AEC6}.Debug|Any CPU.Build.0 = Debug|Any CPU
		{C42D7B15-ACF8-4B55-821B-C1C5AF07AEC6}.Release|Any CPU.ActiveCfg = Release|Any CPU
		{C42D7B15-ACF8-4B55-821B-C1C5AF07AEC6}.Release|Any CPU.Build.0 = Release|Any CPU
		{0D9F633B-A007-4E28-B359-46DF44C98662}.Debug|Any CPU.ActiveCfg = Debug|Any CPU
		{0D9F633B-A007-4E28-B359-46DF44C98662}.Debug|Any CPU.Build.0 = Debug|Any CPU
		{0D9F633B-A007-4E28-B359-46DF44C98662}.Release|Any CPU.ActiveCfg = Release|Any CPU
		{0D9F633B-A007-4E28-B359-46DF44C98662}.Release|Any CPU.Build.0 = Release|Any CPU
	EndGlobalSection
	GlobalSection(NestedProjects) = preSolution
		{4CF63BF8-4B0F-484B-82E4-B5E5AF075522} = {261D93C2-BBF5-4A9F-8B4F-0C5F395ED254}
		{5FE30A30-ADDD-4C37-9B95-54C3200C894A} = {8C927937-D4A9-44A9-A5BF-AF44C19F26BD}
		{7333507E-3B4D-4346-8783-1A70ED20C849} = {89625213-243E-44EC-905A-16718D56C16A}
		{20D72E39-07B3-40FE-9D94-3C15B7E394E7} = {89625213-243E-44EC-905A-16718D56C16A}
		{2356763C-672E-4B6B-86E6-1BCE67605CB3} = {89625213-243E-44EC-905A-16718D56C16A}
		{0758F900-3A22-49DD-B1DB-950030DD7227} = {89625213-243E-44EC-905A-16718D56C16A}
		{759C107E-EF54-4EAE-AA2A-5831BDD1074F} = {89625213-243E-44EC-905A-16718D56C16A}
		{C42D7B15-ACF8-4B55-821B-C1C5AF07AEC6} = {64FBB12B-35E3-4350-BF12-9F25BDBE7906}
		{927D4636-5F5C-4D15-AFB4-BF6588238D57} = {64FBB12B-35E3-4350-BF12-9F25BDBE7906}
		{9CDDE688-36FE-4E26-AC79-8E69144BD615} = {64FBB12B-35E3-4350-BF12-9F25BDBE7906}
		{0D9F633B-A007-4E28-B359-46DF44C98662} = {9CDDE688-36FE-4E26-AC79-8E69144BD615}
	EndGlobalSection
EndGlobal
